# This file is generated by running "yarn install" inside your project.
# Manual changes might be lost - proceed with caution!

__metadata:
  version: 8
  cacheKey: 10c0

"@octokit/app@npm:^14.0.2":
  version: 14.0.2
  resolution: "@octokit/app@npm:14.0.2"
  dependencies:
    "@octokit/auth-app": "npm:^6.0.0"
    "@octokit/auth-unauthenticated": "npm:^5.0.0"
    "@octokit/core": "npm:^5.0.0"
    "@octokit/oauth-app": "npm:^6.0.0"
    "@octokit/plugin-paginate-rest": "npm:^9.0.0"
    "@octokit/types": "npm:^12.0.0"
    "@octokit/webhooks": "npm:^12.0.4"
  checksum: 10c0/92b4193bfbe0b12196329f7b7d1d3f038575eb54680a95a68a70b62f5ecaa23de9a240a7ad64711f1639266f37c80f09a8975ae8a754fd680384dc1410ae477b
  languageName: node
  linkType: hard

"@octokit/auth-app@npm:^6.0.0":
  version: 6.0.3
  resolution: "@octokit/auth-app@npm:6.0.3"
  dependencies:
    "@octokit/auth-oauth-app": "npm:^7.0.0"
    "@octokit/auth-oauth-user": "npm:^4.0.0"
    "@octokit/request": "npm:^8.0.2"
    "@octokit/request-error": "npm:^5.0.0"
    "@octokit/types": "npm:^12.0.0"
    deprecation: "npm:^2.3.1"
    lru-cache: "npm:^10.0.0"
    universal-github-app-jwt: "npm:^1.1.2"
    universal-user-agent: "npm:^6.0.0"
  checksum: 10c0/fba541abcc35e05cd0adf49b4c0174a2bc8e5b44d702259e074640332578ce7fb03392523e64f64abafc266adbf6dda0a537ce0fa0bd265275793e81d7949244
  languageName: node
  linkType: hard

"@octokit/auth-oauth-app@npm:^7.0.0":
  version: 7.0.1
  resolution: "@octokit/auth-oauth-app@npm:7.0.1"
  dependencies:
    "@octokit/auth-oauth-device": "npm:^6.0.0"
    "@octokit/auth-oauth-user": "npm:^4.0.0"
    "@octokit/request": "npm:^8.0.2"
    "@octokit/types": "npm:^12.0.0"
    "@types/btoa-lite": "npm:^1.0.0"
    btoa-lite: "npm:^1.0.0"
    universal-user-agent: "npm:^6.0.0"
  checksum: 10c0/721bc0bfe31263f68a2f8c6d9d19e55853535f8d08efd2460e33f33b8a0c40ece943018b180635ffad34006fa45e6721b2dbc644675d4a3a8fb0222b0775e831
  languageName: node
  linkType: hard

"@octokit/auth-oauth-device@npm:^6.0.0":
  version: 6.0.1
  resolution: "@octokit/auth-oauth-device@npm:6.0.1"
  dependencies:
    "@octokit/oauth-methods": "npm:^4.0.0"
    "@octokit/request": "npm:^8.0.0"
    "@octokit/types": "npm:^12.0.0"
    universal-user-agent: "npm:^6.0.0"
  checksum: 10c0/9e969de43e5238bef62def6897dddf5c544fce2e582e3ce8ae2889d6ac9de954930e360b526d7f94c11a093709faff8ab4c77039ab218dde679865b09d85baf5
  languageName: node
  linkType: hard

"@octokit/auth-oauth-user@npm:^4.0.0":
  version: 4.0.1
  resolution: "@octokit/auth-oauth-user@npm:4.0.1"
  dependencies:
    "@octokit/auth-oauth-device": "npm:^6.0.0"
    "@octokit/oauth-methods": "npm:^4.0.0"
    "@octokit/request": "npm:^8.0.2"
    "@octokit/types": "npm:^12.0.0"
    btoa-lite: "npm:^1.0.0"
    universal-user-agent: "npm:^6.0.0"
  checksum: 10c0/e887674a65a6083b4ad1d4ab9f48da71d3b386d5eba3c9715b6d9bc2b3837217d9f307c5a2da568941ff138a55b8113c077e952ca8d0295e96de895a521d6a6f
  languageName: node
  linkType: hard

"@octokit/auth-token@npm:^4.0.0":
  version: 4.0.0
  resolution: "@octokit/auth-token@npm:4.0.0"
  checksum: 10c0/57acaa6c394c5abab2f74e8e1dcf4e7a16b236f713c77a54b8f08e2d14114de94b37946259e33ec2aab0566b26f724c2b71d2602352b59e541a9854897618f3c
  languageName: node
  linkType: hard

"@octokit/auth-unauthenticated@npm:^5.0.0":
  version: 5.0.1
  resolution: "@octokit/auth-unauthenticated@npm:5.0.1"
  dependencies:
    "@octokit/request-error": "npm:^5.0.0"
    "@octokit/types": "npm:^12.0.0"
  checksum: 10c0/c9cad429981a34021ec9f1fdc238c39eba36807683859a3bffb9dd66abf1ce016c9a2ff31fe09313458e59b37f8fa91522c0e34a1daecefdabcdf23a494fbcc2
  languageName: node
  linkType: hard

"@octokit/core@npm:^5.0.0":
  version: 5.1.0
  resolution: "@octokit/core@npm:5.1.0"
  dependencies:
    "@octokit/auth-token": "npm:^4.0.0"
    "@octokit/graphql": "npm:^7.0.0"
    "@octokit/request": "npm:^8.0.2"
    "@octokit/request-error": "npm:^5.0.0"
    "@octokit/types": "npm:^12.0.0"
    before-after-hook: "npm:^2.2.0"
    universal-user-agent: "npm:^6.0.0"
  checksum: 10c0/a1d2882373b4a33cd9f6e56d76bcc82e5589a477829fc3491b1ef471a8a83fa437b339a2c76d97d9e8ea4ca12bf3ebf32e66119ba16977e542d98f1f5dd3c994
  languageName: node
  linkType: hard

"@octokit/endpoint@npm:^9.0.0":
  version: 9.0.4
  resolution: "@octokit/endpoint@npm:9.0.4"
  dependencies:
    "@octokit/types": "npm:^12.0.0"
    universal-user-agent: "npm:^6.0.0"
  checksum: 10c0/f1c857c5d85afa9d7e8857f7f97dbec28d3b6ab1dc21fe35172f1bc9e5512c8a3a26edabf6b2d83bb60d700f7ad290c96be960496aa83606095630edfad06db4
  languageName: node
  linkType: hard

"@octokit/graphql@npm:^7.0.0":
  version: 7.0.2
  resolution: "@octokit/graphql@npm:7.0.2"
  dependencies:
    "@octokit/request": "npm:^8.0.1"
    "@octokit/types": "npm:^12.0.0"
    universal-user-agent: "npm:^6.0.0"
  checksum: 10c0/96e5d6b970be60877134cc147b9249534f3a79d691b9932d731d453426fa1e1a0a36111a1b0a6ab43d61309c630903a65db5559b5c800300dc26cf588f50fea8
  languageName: node
  linkType: hard

"@octokit/oauth-app@npm:^6.0.0":
  version: 6.1.0
  resolution: "@octokit/oauth-app@npm:6.1.0"
  dependencies:
    "@octokit/auth-oauth-app": "npm:^7.0.0"
    "@octokit/auth-oauth-user": "npm:^4.0.0"
    "@octokit/auth-unauthenticated": "npm:^5.0.0"
    "@octokit/core": "npm:^5.0.0"
    "@octokit/oauth-authorization-url": "npm:^6.0.2"
    "@octokit/oauth-methods": "npm:^4.0.0"
    "@types/aws-lambda": "npm:^8.10.83"
    universal-user-agent: "npm:^6.0.0"
  checksum: 10c0/9d67ca196eabbb397c677e006d28148d6c5185f88d86e5444c219e43b95e0ecaee5d31807ea24aedb64a76d61c0a53acd8091613e15d10733f41960bd981463c
  languageName: node
  linkType: hard

"@octokit/oauth-authorization-url@npm:^6.0.2":
  version: 6.0.2
  resolution: "@octokit/oauth-authorization-url@npm:6.0.2"
  checksum: 10c0/8c06e538b3e392f0fa68f3347078c32f92c03474eb214e4e82774513a54c164bac14c228f7dbd79d22a920df1a8b2e0765dd6ee45929bda0b77e5cf7f0d92c71
  languageName: node
  linkType: hard

"@octokit/oauth-methods@npm:^4.0.0":
  version: 4.0.1
  resolution: "@octokit/oauth-methods@npm:4.0.1"
  dependencies:
    "@octokit/oauth-authorization-url": "npm:^6.0.2"
    "@octokit/request": "npm:^8.0.2"
    "@octokit/request-error": "npm:^5.0.0"
    "@octokit/types": "npm:^12.0.0"
    btoa-lite: "npm:^1.0.0"
  checksum: 10c0/fcaa5636780e3f406ddea9c6c881e7ae0b2a9fe0ec3bcd2748825ff27219a9ea1e223020bff0c988748d3ec18c6aa91bc9bcb557c8522553b3eccdcd4494d925
  languageName: node
  linkType: hard

"@octokit/openapi-types@npm:^19.1.0":
  version: 19.1.0
  resolution: "@octokit/openapi-types@npm:19.1.0"
  checksum: 10c0/ae8081f52b797b91a12d4f6cddc475699c9d34b06645b337adc77d30b583d8fe8506597a45c42f8f1a96bfb2a9d092cee257d8a65d718bfeed23a0d153448eea
  languageName: node
  linkType: hard

"@octokit/plugin-paginate-graphql@npm:^4.0.0":
  version: 4.0.0
  resolution: "@octokit/plugin-paginate-graphql@npm:4.0.0"
  peerDependencies:
    "@octokit/core": ">=5"
  checksum: 10c0/a76ede8b7ceef78f319f80083c7043f5e721c10468e520e1989c4b81fc57ccb549324ef323ee86bc62abfb7a75b0c1b30b1f64715da50737b4ec6ffb2a9b95a4
  languageName: node
  linkType: hard

"@octokit/plugin-paginate-rest@npm:^9.0.0":
  version: 9.1.5
  resolution: "@octokit/plugin-paginate-rest@npm:9.1.5"
  dependencies:
    "@octokit/types": "npm:^12.4.0"
  peerDependencies:
    "@octokit/core": ">=5"
  checksum: 10c0/a17055dff8fde5ebc03bf935294ffa4605ed714cb15252f0fa63cda1b95e738fafb5ab9748b18fbdfa5615d5f6686cbf193c6d6426e7dc4fd1dda91c87263f3b
  languageName: node
  linkType: hard

"@octokit/plugin-rest-endpoint-methods@npm:^10.0.0":
  version: 10.2.0
  resolution: "@octokit/plugin-rest-endpoint-methods@npm:10.2.0"
  dependencies:
    "@octokit/types": "npm:^12.3.0"
  peerDependencies:
    "@octokit/core": ">=5"
  checksum: 10c0/4d00a2334753955f0c3841ba8fc0880c093b94838e011864ee737d958d2d64e3d45d34fa4c8b64bccf9e13c6de81318cbd6e2b24df37992941d12f54def28432
  languageName: node
  linkType: hard

"@octokit/plugin-retry@npm:^6.0.0":
  version: 6.0.1
  resolution: "@octokit/plugin-retry@npm:6.0.1"
  dependencies:
    "@octokit/request-error": "npm:^5.0.0"
    "@octokit/types": "npm:^12.0.0"
    bottleneck: "npm:^2.15.3"
  peerDependencies:
    "@octokit/core": ">=5"
  checksum: 10c0/721b5a7949e3defdec5f1b451850ab924162fd2712c9ab59a2aaaad5b9ed6ee2a9447fe82ec1f91086cf23aaaceb14ff4e74de67ba3c63c5029e59c67b50979c
  languageName: node
  linkType: hard

"@octokit/plugin-throttling@npm:^8.0.0":
  version: 8.1.3
  resolution: "@octokit/plugin-throttling@npm:8.1.3"
  dependencies:
    "@octokit/types": "npm:^12.2.0"
    bottleneck: "npm:^2.15.3"
  peerDependencies:
    "@octokit/core": ^5.0.0
  checksum: 10c0/aa21da4078a64f8ce0e7f340d041ad8d58d2fc8eb3fa658ba82e0b3207d689ccfbdd0fd3e2104fb2eea1de37f7857bae835705465122dda310d0fd7041bfdf94
  languageName: node
  linkType: hard

"@octokit/request-error@npm:^5.0.0":
  version: 5.0.1
  resolution: "@octokit/request-error@npm:5.0.1"
  dependencies:
    "@octokit/types": "npm:^12.0.0"
    deprecation: "npm:^2.0.0"
    once: "npm:^1.4.0"
  checksum: 10c0/e72a4627120de345b54876a1f007664095e5be9d624fce2e14fccf7668cd8f5e4929d444d8fc085d48e1fb5cd548538453974aab129a669101110d6679dce6c6
  languageName: node
  linkType: hard

"@octokit/request@npm:^8.0.0, @octokit/request@npm:^8.0.1, @octokit/request@npm:^8.0.2":
  version: 8.2.0
  resolution: "@octokit/request@npm:8.2.0"
  dependencies:
    "@octokit/endpoint": "npm:^9.0.0"
    "@octokit/request-error": "npm:^5.0.0"
    "@octokit/types": "npm:^12.0.0"
    universal-user-agent: "npm:^6.0.0"
  checksum: 10c0/0789edd3b600c5b7ca74089e2842b7bb679a0ad1ec56e5dda54f052d2dd266ac8e6e2eb3c34ba57962066f0770444bf1e99805fd2d762a47776f567beafcf038
  languageName: node
  linkType: hard

"@octokit/types@npm:^12.0.0, @octokit/types@npm:^12.2.0, @octokit/types@npm:^12.3.0, @octokit/types@npm:^12.4.0":
  version: 12.4.0
  resolution: "@octokit/types@npm:12.4.0"
  dependencies:
    "@octokit/openapi-types": "npm:^19.1.0"
  checksum: 10c0/b52b3fd8af307a1868846991f8376548a790814b20639dee1110271a768c0489081970df893ca2230f6285066003230d22f5877eeac90418971a475c79808241
  languageName: node
  linkType: hard

"@octokit/webhooks-methods@npm:^4.0.0":
  version: 4.0.0
  resolution: "@octokit/webhooks-methods@npm:4.0.0"
  checksum: 10c0/67182bf353b5fad1832d8d2647192348e3cf17aed8b8feeb8c10f680691c176b51f133d143aee43961f0eac3cd848b2f993fa03c7477980fc9a926bd8d7ba934
  languageName: node
  linkType: hard

"@octokit/webhooks-types@npm:7.3.2":
  version: 7.3.2
  resolution: "@octokit/webhooks-types@npm:7.3.2"
  checksum: 10c0/dcf44c6ec243b32fdaa244958d1e47dc2a46028149ca9f2eba1fbeb88cfa4403e48381c57c8e131c2df78b66a2503994c639f0753e774b9da11fd03bc1515a6a
  languageName: node
  linkType: hard

"@octokit/webhooks@npm:^12.0.4":
  version: 12.1.0
  resolution: "@octokit/webhooks@npm:12.1.0"
  dependencies:
    "@octokit/request-error": "npm:^5.0.0"
    "@octokit/webhooks-methods": "npm:^4.0.0"
    "@octokit/webhooks-types": "npm:7.3.2"
    aggregate-error: "npm:^3.1.0"
  checksum: 10c0/d26a670220df68027379addbc8d6507f7351028d8eb8d24212abfcb0eca3c76de2b44e9fba9bf93925b041bcaaf85ff77c964b6166c42f5f51b1f5f9bde464e5
  languageName: node
  linkType: hard

"@types/aws-lambda@npm:^8.10.83":
  version: 8.10.133
  resolution: "@types/aws-lambda@npm:8.10.133"
  checksum: 10c0/fee091dec3df6b491a53d5472c63a58eadc99715b61e53c3ed4bcdb1b16eec92b5f79352e72d5acaefe999f3ab79aa08983ae35064bbfbe95cc61345bbde6bf1
  languageName: node
  linkType: hard

"@types/btoa-lite@npm:^1.0.0":
  version: 1.0.2
  resolution: "@types/btoa-lite@npm:1.0.2"
  checksum: 10c0/daffbb47e4fe6493df70d83878b550adab48bab2f02b3591a59367af3ecebf34c971e070479ab68d83ca59cbeefbc61a50d9a7552f639dc908706183e0222bab
  languageName: node
  linkType: hard

"@types/jsonwebtoken@npm:^9.0.0":
  version: 9.0.5
  resolution: "@types/jsonwebtoken@npm:9.0.5"
  dependencies:
    "@types/node": "npm:*"
  checksum: 10c0/c582b8420586f3b9550f7e34992cb32be300bc953636f3b087ed9c180ce7ea5c2e4b35090be2d57f0d3168cc3ca1074932907caa2afe09f4e9c84cf5c0daefa8
  languageName: node
  linkType: hard

"@types/node@npm:*":
  version: 20.11.17
  resolution: "@types/node@npm:20.11.17"
  dependencies:
    undici-types: "npm:~5.26.4"
  checksum: 10c0/1f30dae80b416cbf38f133a619ffb0e9fb9e7bc58f82d900bf73816ae5781740c4640892bf5971dd9c12570d5d05241646be3e7540bb4e059322ec6af4e51e15
  languageName: node
  linkType: hard

"aggregate-error@npm:^3.1.0":
  version: 3.1.0
  resolution: "aggregate-error@npm:3.1.0"
  dependencies:
    clean-stack: "npm:^2.0.0"
    indent-string: "npm:^4.0.0"
  checksum: 10c0/a42f67faa79e3e6687a4923050e7c9807db3848a037076f791d10e092677d65c1d2d863b7848560699f40fc0502c19f40963fb1cd1fb3d338a7423df8e45e039
  languageName: node
  linkType: hard

"astisme@workspace:.":
  version: 0.0.0-use.local
  resolution: "astisme@workspace:."
  dependencies:
    octokit: "npm:^3.1.2"
  languageName: unknown
  linkType: soft

"before-after-hook@npm:^2.2.0":
  version: 2.2.3
  resolution: "before-after-hook@npm:2.2.3"
  checksum: 10c0/0488c4ae12df758ca9d49b3bb27b47fd559677965c52cae7b335784724fb8bf96c42b6e5ba7d7afcbc31facb0e294c3ef717cc41c5bc2f7bd9e76f8b90acd31c
  languageName: node
  linkType: hard

"bottleneck@npm:^2.15.3":
  version: 2.19.5
  resolution: "bottleneck@npm:2.19.5"
  checksum: 10c0/b0f72e45b2e0f56a21ba720183f16bef8e693452fb0495d997fa354e42904353a94bd8fd429868e6751bc85e54b6755190519eed5a0ae0a94a5185209ae7c6d0
  languageName: node
  linkType: hard

"btoa-lite@npm:^1.0.0":
  version: 1.0.0
  resolution: "btoa-lite@npm:1.0.0"
  checksum: 10c0/7a4f0568ae3c915464650f98fde7901ae07b13a333a614515a0c86876b3528670fafece28dfef9745d971a613bb83341823afb0c20c6f318b384c1e364b9eb95
  languageName: node
  linkType: hard

"buffer-equal-constant-time@npm:1.0.1":
  version: 1.0.1
  resolution: "buffer-equal-constant-time@npm:1.0.1"
  checksum: 10c0/fb2294e64d23c573d0dd1f1e7a466c3e978fe94a4e0f8183937912ca374619773bef8e2aceb854129d2efecbbc515bbd0cc78d2734a3e3031edb0888531bbc8e
  languageName: node
  linkType: hard

"clean-stack@npm:^2.0.0":
  version: 2.2.0
  resolution: "clean-stack@npm:2.2.0"
  checksum: 10c0/1f90262d5f6230a17e27d0c190b09d47ebe7efdd76a03b5a1127863f7b3c9aec4c3e6c8bb3a7bbf81d553d56a1fd35728f5a8ef4c63f867ac8d690109742a8c1
  languageName: node
  linkType: hard

"deprecation@npm:^2.0.0, deprecation@npm:^2.3.1":
  version: 2.3.1
  resolution: "deprecation@npm:2.3.1"
  checksum: 10c0/23d688ba66b74d09b908c40a76179418acbeeb0bfdf218c8075c58ad8d0c315130cb91aa3dffb623aa3a411a3569ce56c6460de6c8d69071c17fe6dd2442f032
  languageName: node
  linkType: hard

"ecdsa-sig-formatter@npm:1.0.11":
  version: 1.0.11
  resolution: "ecdsa-sig-formatter@npm:1.0.11"
  dependencies:
    safe-buffer: "npm:^5.0.1"
  checksum: 10c0/ebfbf19d4b8be938f4dd4a83b8788385da353d63307ede301a9252f9f7f88672e76f2191618fd8edfc2f24679236064176fab0b78131b161ee73daa37125408c
  languageName: node
  linkType: hard

"indent-string@npm:^4.0.0":
  version: 4.0.0
  resolution: "indent-string@npm:4.0.0"
  checksum: 10c0/1e1904ddb0cb3d6cce7cd09e27a90184908b7a5d5c21b92e232c93579d314f0b83c246ffb035493d0504b1e9147ba2c9b21df0030f48673fba0496ecd698161f
  languageName: node
  linkType: hard

"jsonwebtoken@npm:^9.0.2":
  version: 9.0.2
  resolution: "jsonwebtoken@npm:9.0.2"
  dependencies:
    jws: "npm:^3.2.2"
    lodash.includes: "npm:^4.3.0"
    lodash.isboolean: "npm:^3.0.3"
    lodash.isinteger: "npm:^4.0.4"
    lodash.isnumber: "npm:^3.0.3"
    lodash.isplainobject: "npm:^4.0.6"
    lodash.isstring: "npm:^4.0.1"
    lodash.once: "npm:^4.0.0"
    ms: "npm:^2.1.1"
    semver: "npm:^7.5.4"
  checksum: 10c0/d287a29814895e866db2e5a0209ce730cbc158441a0e5a70d5e940eb0d28ab7498c6bf45029cc8b479639bca94056e9a7f254e2cdb92a2f5750c7f358657a131
  languageName: node
  linkType: hard

"jwa@npm:^1.4.1":
  version: 1.4.1
  resolution: "jwa@npm:1.4.1"
  dependencies:
    buffer-equal-constant-time: "npm:1.0.1"
    ecdsa-sig-formatter: "npm:1.0.11"
    safe-buffer: "npm:^5.0.1"
  checksum: 10c0/5c533540bf38702e73cf14765805a94027c66a0aa8b16bc3e89d8d905e61a4ce2791e87e21be97d1293a5ee9d4f3e5e47737e671768265ca4f25706db551d5e9
  languageName: node
  linkType: hard

"jws@npm:^3.2.2":
  version: 3.2.2
  resolution: "jws@npm:3.2.2"
  dependencies:
    jwa: "npm:^1.4.1"
    safe-buffer: "npm:^5.0.1"
  checksum: 10c0/e770704533d92df358adad7d1261fdecad4d7b66fa153ba80d047e03ca0f1f73007ce5ed3fbc04d2eba09ba6e7e6e645f351e08e5ab51614df1b0aa4f384dfff
  languageName: node
  linkType: hard

"lodash.includes@npm:^4.3.0":
  version: 4.3.0
  resolution: "lodash.includes@npm:4.3.0"
  checksum: 10c0/7ca498b9b75bf602d04e48c0adb842dfc7d90f77bcb2a91a2b2be34a723ad24bc1c8b3683ec6b2552a90f216c723cdea530ddb11a3320e08fa38265703978f4b
  languageName: node
  linkType: hard

"lodash.isboolean@npm:^3.0.3":
  version: 3.0.3
  resolution: "lodash.isboolean@npm:3.0.3"
  checksum: 10c0/0aac604c1ef7e72f9a6b798e5b676606042401dd58e49f051df3cc1e3adb497b3d7695635a5cbec4ae5f66456b951fdabe7d6b387055f13267cde521f10ec7f7
  languageName: node
  linkType: hard

"lodash.isinteger@npm:^4.0.4":
  version: 4.0.4
  resolution: "lodash.isinteger@npm:4.0.4"
  checksum: 10c0/4c3e023a2373bf65bf366d3b8605b97ec830bca702a926939bcaa53f8e02789b6a176e7f166b082f9365bfec4121bfeb52e86e9040cb8d450e64c858583f61b7
  languageName: node
  linkType: hard

"lodash.isnumber@npm:^3.0.3":
  version: 3.0.3
  resolution: "lodash.isnumber@npm:3.0.3"
  checksum: 10c0/2d01530513a1ee4f72dd79528444db4e6360588adcb0e2ff663db2b3f642d4bb3d687051ae1115751ca9082db4fdef675160071226ca6bbf5f0c123dbf0aa12d
  languageName: node
  linkType: hard

"lodash.isplainobject@npm:^4.0.6":
  version: 4.0.6
  resolution: "lodash.isplainobject@npm:4.0.6"
  checksum: 10c0/afd70b5c450d1e09f32a737bed06ff85b873ecd3d3d3400458725283e3f2e0bb6bf48e67dbe7a309eb371a822b16a26cca4a63c8c52db3fc7dc9d5f9dd324cbb
  languageName: node
  linkType: hard

"lodash.isstring@npm:^4.0.1":
  version: 4.0.1
  resolution: "lodash.isstring@npm:4.0.1"
  checksum: 10c0/09eaf980a283f9eef58ef95b30ec7fee61df4d6bf4aba3b5f096869cc58f24c9da17900febc8ffd67819b4e29de29793190e88dc96983db92d84c95fa85d1c92
  languageName: node
  linkType: hard

"lodash.once@npm:^4.0.0":
  version: 4.1.1
  resolution: "lodash.once@npm:4.1.1"
  checksum: 10c0/46a9a0a66c45dd812fcc016e46605d85ad599fe87d71a02f6736220554b52ffbe82e79a483ad40f52a8a95755b0d1077fba259da8bfb6694a7abbf4a48f1fc04
  languageName: node
  linkType: hard

"lru-cache@npm:^10.0.0":
  version: 10.2.0
  resolution: "lru-cache@npm:10.2.0"
  checksum: 10c0/c9847612aa2daaef102d30542a8d6d9b2c2bb36581c1bf0dc3ebf5e5f3352c772a749e604afae2e46873b930a9e9523743faac4e5b937c576ab29196774712ee
  languageName: node
  linkType: hard

"lru-cache@npm:^6.0.0":
  version: 6.0.0
  resolution: "lru-cache@npm:6.0.0"
  dependencies:
    yallist: "npm:^4.0.0"
  checksum: 10c0/cb53e582785c48187d7a188d3379c181b5ca2a9c78d2bce3e7dee36f32761d1c42983da3fe12b55cb74e1779fa94cdc2e5367c028a9b35317184ede0c07a30a9
  languageName: node
  linkType: hard

"ms@npm:^2.1.1":
  version: 2.1.3
  resolution: "ms@npm:2.1.3"
  checksum: 10c0/d924b57e7312b3b63ad21fc5b3dc0af5e78d61a1fc7cfb5457edaf26326bf62be5307cc87ffb6862ef1c2b33b0233cdb5d4f01c4c958cc0d660948b65a287a48
  languageName: node
  linkType: hard

"octokit@npm:^3.1.2":
  version: 3.1.2
  resolution: "octokit@npm:3.1.2"
  dependencies:
    "@octokit/app": "npm:^14.0.2"
    "@octokit/core": "npm:^5.0.0"
    "@octokit/oauth-app": "npm:^6.0.0"
    "@octokit/plugin-paginate-graphql": "npm:^4.0.0"
    "@octokit/plugin-paginate-rest": "npm:^9.0.0"
    "@octokit/plugin-rest-endpoint-methods": "npm:^10.0.0"
    "@octokit/plugin-retry": "npm:^6.0.0"
    "@octokit/plugin-throttling": "npm:^8.0.0"
    "@octokit/request-error": "npm:^5.0.0"
    "@octokit/types": "npm:^12.0.0"
  checksum: 10c0/8d9b1847c1c5295fed2b9ea574213ae55f9a12d75913bc77575f48382b8d1998446adeea32095d4866591b224678b0ffa4b6c8ccdb2c4dcd2ec679033a1dc696
  languageName: node
  linkType: hard

"once@npm:^1.4.0":
  version: 1.4.0
  resolution: "once@npm:1.4.0"
  dependencies:
    wrappy: "npm:1"
  checksum: 10c0/5d48aca287dfefabd756621c5dfce5c91a549a93e9fdb7b8246bc4c4790aa2ec17b34a260530474635147aeb631a2dcc8b32c613df0675f96041cbb8244517d0
  languageName: node
  linkType: hard

"safe-buffer@npm:^5.0.1":
  version: 5.2.1
  resolution: "safe-buffer@npm:5.2.1"
  checksum: 10c0/6501914237c0a86e9675d4e51d89ca3c21ffd6a31642efeba25ad65720bce6921c9e7e974e5be91a786b25aa058b5303285d3c15dbabf983a919f5f630d349f3
  languageName: node
  linkType: hard

"semver@npm:^7.5.4":
  version: 7.6.0
  resolution: "semver@npm:7.6.0"
  dependencies:
    lru-cache: "npm:^6.0.0"
  bin:
    semver: bin/semver.js
  checksum: 10c0/fbfe717094ace0aa8d6332d7ef5ce727259815bd8d8815700853f4faf23aacbd7192522f0dc5af6df52ef4fa85a355ebd2f5d39f554bd028200d6cf481ab9b53
  languageName: node
  linkType: hard

"undici-types@npm:~5.26.4":
  version: 5.26.5
  resolution: "undici-types@npm:5.26.5"
  checksum: 10c0/bb673d7876c2d411b6eb6c560e0c571eef4a01c1c19925175d16e3a30c4c428181fb8d7ae802a261f283e4166a0ac435e2f505743aa9e45d893f9a3df017b501
  languageName: node
  linkType: hard

"universal-github-app-jwt@npm:^1.1.2":
  version: 1.1.2
  resolution: "universal-github-app-jwt@npm:1.1.2"
  dependencies:
    "@types/jsonwebtoken": "npm:^9.0.0"
    jsonwebtoken: "npm:^9.0.2"
  checksum: 10c0/061d2a52c25f0a09a5ae40167e6006ba89510df9934070996d8ca3019afd34f7f28fbb74a93d1627beb4209faf04ec9173f0dc9ff351ee2ec42ab76cff389a80
  languageName: node
  linkType: hard

"universal-user-agent@npm:^6.0.0":
  version: 6.0.1
  resolution: "universal-user-agent@npm:6.0.1"
  checksum: 10c0/5c9c46ffe19a975e11e6443640ed4c9e0ce48fcc7203325757a8414ac49940ebb0f4667f2b1fa561489d1eb22cb2d05a0f7c82ec20c5cba42e58e188fb19b187
  languageName: node
  linkType: hard

"wrappy@npm:1":
  version: 1.0.2
  resolution: "wrappy@npm:1.0.2"
  checksum: 10c0/56fece1a4018c6a6c8e28fbc88c87e0fbf4ea8fd64fc6c63b18f4acc4bd13e0ad2515189786dd2c30d3eec9663d70f4ecf699330002f8ccb547e4a18231fc9f0
  languageName: node
  linkType: hard

"yallist@npm:^4.0.0":
  version: 4.0.0
  resolution: "yallist@npm:4.0.0"
  checksum: 10c0/2286b5e8dbfe22204ab66e2ef5cc9bbb1e55dfc873bbe0d568aa943eb255d131890dfd5bf243637273d31119b870f49c18fcde2c6ffbb7a7a092b870dc90625a
  languageName: node
  linkType: hard
